// !$*UTF8*$!
{
	archiveVersion = 1;
	classes = {
	};
	objectVersion = 48;
	objects = {

/* Begin PBXBuildFile section */
		03900143200C0BB100F419BA /* AppDelegate.swift in Sources */ = {isa = PBXBuildFile; fileRef = 03900142200C0BB100F419BA /* AppDelegate.swift */; };
		03900145200C0BB100F419BA /* ViewController.swift in Sources */ = {isa = PBXBuildFile; fileRef = 03900144200C0BB100F419BA /* ViewController.swift */; };
		03900148200C0BB100F419BA /* Main.storyboard in Resources */ = {isa = PBXBuildFile; fileRef = 03900146200C0BB100F419BA /* Main.storyboard */; };
		0390014B200C0BB100F419BA /* Portfolio_Picker.xcdatamodeld in Sources */ = {isa = PBXBuildFile; fileRef = 03900149200C0BB100F419BA /* Portfolio_Picker.xcdatamodeld */; };
		0390014D200C0BB100F419BA /* Assets.xcassets in Resources */ = {isa = PBXBuildFile; fileRef = 0390014C200C0BB100F419BA /* Assets.xcassets */; };
		03900150200C0BB100F419BA /* LaunchScreen.storyboard in Resources */ = {isa = PBXBuildFile; fileRef = 0390014E200C0BB100F419BA /* LaunchScreen.storyboard */; };
		0390015B200C0BB100F419BA /* Portfolio_PickerTests.swift in Sources */ = {isa = PBXBuildFile; fileRef = 0390015A200C0BB100F419BA /* Portfolio_PickerTests.swift */; };
		03900166200C0BE000F419BA /* PPQuandlCaller.swift in Sources */ = {isa = PBXBuildFile; fileRef = 03900165200C0BE000F419BA /* PPQuandlCaller.swift */; };
		03900168200C0C0E00F419BA /* PPQuandlConstants.swift in Sources */ = {isa = PBXBuildFile; fileRef = 03900167200C0C0E00F419BA /* PPQuandlConstants.swift */; };
/* End PBXBuildFile section */

/* Begin PBXContainerItemProxy section */
		03900157200C0BB100F419BA /* PBXContainerItemProxy */ = {
			isa = PBXContainerItemProxy;
			containerPortal = 03900137200C0BB100F419BA /* Project object */;
			proxyType = 1;
			remoteGlobalIDString = 0390013E200C0BB100F419BA;
			remoteInfo = "Portfolio Picker";
		};
/* End PBXContainerItemProxy section */

/* Begin PBXFileReference section */
		0390013F200C0BB100F419BA /* Portfolio Picker.app */ = {isa = PBXFileReference; explicitFileType = wrapper.application; includeInIndex = 0; path = "Portfolio Picker.app"; sourceTree = BUILT_PRODUCTS_DIR; };
		03900142200C0BB100F419BA /* AppDelegate.swift */ = {isa = PBXFileReference; lastKnownFileType = sourcecode.swift; path = AppDelegate.swift; sourceTree = "<group>"; };
		03900144200C0BB100F419BA /* ViewController.swift */ = {isa = PBXFileReference; lastKnownFileType = sourcecode.swift; path = ViewController.swift; sourceTree = "<group>"; };
		03900147200C0BB100F419BA /* Base */ = {isa = PBXFileReference; lastKnownFileType = file.storyboard; name = Base; path = Base.lproj/Main.storyboard; sourceTree = "<group>"; };
		0390014A200C0BB100F419BA /* Portfolio_Picker.xcdatamodel */ = {isa = PBXFileReference; lastKnownFileType = wrapper.xcdatamodel; path = Portfolio_Picker.xcdatamodel; sourceTree = "<group>"; };
		0390014C200C0BB100F419BA /* Assets.xcassets */ = {isa = PBXFileReference; lastKnownFileType = folder.assetcatalog; path = Assets.xcassets; sourceTree = "<group>"; };
		0390014F200C0BB100F419BA /* Base */ = {isa = PBXFileReference; lastKnownFileType = file.storyboard; name = Base; path = Base.lproj/LaunchScreen.storyboard; sourceTree = "<group>"; };
		03900151200C0BB100F419BA /* Info.plist */ = {isa = PBXFileReference; lastKnownFileType = text.plist.xml; path = Info.plist; sourceTree = "<group>"; };
		03900156200C0BB100F419BA /* Portfolio PickerTests.xctest */ = {isa = PBXFileReference; explicitFileType = wrapper.cfbundle; includeInIndex = 0; path = "Portfolio PickerTests.xctest"; sourceTree = BUILT_PRODUCTS_DIR; };
		0390015A200C0BB100F419BA /* Portfolio_PickerTests.swift */ = {isa = PBXFileReference; lastKnownFileType = sourcecode.swift; path = Portfolio_PickerTests.swift; sourceTree = "<group>"; };
		0390015C200C0BB100F419BA /* Info.plist */ = {isa = PBXFileReference; lastKnownFileType = text.plist.xml; path = Info.plist; sourceTree = "<group>"; };
		03900165200C0BE000F419BA /* PPQuandlCaller.swift */ = {isa = PBXFileReference; lastKnownFileType = sourcecode.swift; path = PPQuandlCaller.swift; sourceTree = "<group>"; };
		03900167200C0C0E00F419BA /* PPQuandlConstants.swift */ = {isa = PBXFileReference; lastKnownFileType = sourcecode.swift; path = PPQuandlConstants.swift; sourceTree = "<group>"; };
/* End PBXFileReference section */

/* Begin PBXFrameworksBuildPhase section */
		0390013C200C0BB100F419BA /* Frameworks */ = {
			isa = PBXFrameworksBuildPhase;
			buildActionMask = 2147483647;
			files = (
			);
			runOnlyForDeploymentPostprocessing = 0;
		};
		03900153200C0BB100F419BA /* Frameworks */ = {
			isa = PBXFrameworksBuildPhase;
			buildActionMask = 2147483647;
			files = (
			);
			runOnlyForDeploymentPostprocessing = 0;
		};
/* End PBXFrameworksBuildPhase section */

/* Begin PBXGroup section */
		03900136200C0BB100F419BA = {
			isa = PBXGroup;
			children = (
				03900141200C0BB100F419BA /* Portfolio Picker */,
				03900159200C0BB100F419BA /* Portfolio PickerTests */,
				03900140200C0BB100F419BA /* Products */,
			);
			sourceTree = "<group>";
		};
		03900140200C0BB100F419BA /* Products */ = {
			isa = PBXGroup;
			children = (
				0390013F200C0BB100F419BA /* Portfolio Picker.app */,
				03900156200C0BB100F419BA /* Portfolio PickerTests.xctest */,
			);
			name = Products;
			sourceTree = "<group>";
		};
		03900141200C0BB100F419BA /* Portfolio Picker */ = {
			isa = PBXGroup;
			children = (
				03900169200C0C1300F419BA /* Networking */,
				03900142200C0BB100F419BA /* AppDelegate.swift */,
				03900144200C0BB100F419BA /* ViewController.swift */,
				03900146200C0BB100F419BA /* Main.storyboard */,
				0390014C200C0BB100F419BA /* Assets.xcassets */,
				0390014E200C0BB100F419BA /* LaunchScreen.storyboard */,
				03900151200C0BB100F419BA /* Info.plist */,
				03900149200C0BB100F419BA /* Portfolio_Picker.xcdatamodeld */,
			);
			path = "Portfolio Picker";
			sourceTree = "<group>";
		};
		03900159200C0BB100F419BA /* Portfolio PickerTests */ = {
			isa = PBXGroup;
			children = (
				0390015A200C0BB100F419BA /* Portfolio_PickerTests.swift */,
				0390015C200C0BB100F419BA /* Info.plist */,
			);
			path = "Portfolio PickerTests";
			sourceTree = "<group>";
		};
		03900169200C0C1300F419BA /* Networking */ = {
			isa = PBXGroup;
			children = (
				03900165200C0BE000F419BA /* PPQuandlCaller.swift */,
				03900167200C0C0E00F419BA /* PPQuandlConstants.swift */,
			);
			path = Networking;
			sourceTree = "<group>";
		};
/* End PBXGroup section */

/* Begin PBXNativeTarget section */
		0390013E200C0BB100F419BA /* Portfolio Picker */ = {
			isa = PBXNativeTarget;
			buildConfigurationList = 0390015F200C0BB100F419BA /* Build configuration list for PBXNativeTarget "Portfolio Picker" */;
			buildPhases = (
				0390013B200C0BB100F419BA /* Sources */,
				0390013C200C0BB100F419BA /* Frameworks */,
				0390013D200C0BB100F419BA /* Resources */,
			);
			buildRules = (
			);
			dependencies = (
			);
			name = "Portfolio Picker";
			productName = "Portfolio Picker";
			productReference = 0390013F200C0BB100F419BA /* Portfolio Picker.app */;
			productType = "com.apple.product-type.application";
		};
		03900155200C0BB100F419BA /* Portfolio PickerTests */ = {
			isa = PBXNativeTarget;
			buildConfigurationList = 03900162200C0BB100F419BA /* Build configuration list for PBXNativeTarget "Portfolio PickerTests" */;
			buildPhases = (
				03900152200C0BB100F419BA /* Sources */,
				03900153200C0BB100F419BA /* Frameworks */,
				03900154200C0BB100F419BA /* Resources */,
			);
			buildRules = (
			);
			dependencies = (
				03900158200C0BB100F419BA /* PBXTargetDependency */,
			);
			name = "Portfolio PickerTests";
			productName = "Portfolio PickerTests";
			productReference = 03900156200C0BB100F419BA /* Portfolio PickerTests.xctest */;
			productType = "com.apple.product-type.bundle.unit-test";
		};
/* End PBXNativeTarget section */

/* Begin PBXProject section */
		03900137200C0BB100F419BA /* Project object */ = {
			isa = PBXProject;
			attributes = {
				LastSwiftUpdateCheck = 0920;
				LastUpgradeCheck = 0920;
				ORGANIZATIONNAME = "Christopher Moore";
				TargetAttributes = {
					0390013E200C0BB100F419BA = {
						CreatedOnToolsVersion = 9.2;
						ProvisioningStyle = Automatic;
					};
					03900155200C0BB100F419BA = {
						CreatedOnToolsVersion = 9.2;
						ProvisioningStyle = Automatic;
						TestTargetID = 0390013E200C0BB100F419BA;
					};
				};
			};
			buildConfigurationList = 0390013A200C0BB100F419BA /* Build configuration list for PBXProject "Portfolio Picker" */;
			compatibilityVersion = "Xcode 8.0";
			developmentRegion = en;
			hasScannedForEncodings = 0;
			knownRegions = (
				en,
				Base,
			);
			mainGroup = 03900136200C0BB100F419BA;
			productRefGroup = 03900140200C0BB100F419BA /* Products */;
			projectDirPath = "";
			projectRoot = "";
			targets = (
				0390013E200C0BB100F419BA /* Portfolio Picker */,
				03900155200C0BB100F419BA /* Portfolio PickerTests */,
			);
		};
/* End PBXProject section */

/* Begin PBXResourcesBuildPhase section */
		0390013D200C0BB100F419BA /* Resources */ = {
			isa = PBXResourcesBuildPhase;
			buildActionMask = 2147483647;
			files = (
				03900150200C0BB100F419BA /* LaunchScreen.storyboard in Resources */,
				0390014D200C0BB100F419BA /* Assets.xcassets in Resources */,
				03900148200C0BB100F419BA /* Main.storyboard in Resources */,
			);
			runOnlyForDeploymentPostprocessing = 0;
		};
		03900154200C0BB100F419BA /* Resources */ = {
			isa = PBXResourcesBuildPhase;
			buildActionMask = 2147483647;
			files = (
			);
			runOnlyForDeploymentPostprocessing = 0;
		};
/* End PBXResourcesBuildPhase section */

/* Begin PBXSourcesBuildPhase section */
		0390013B200C0BB100F419BA /* Sources */ = {
			isa = PBXSourcesBuildPhase;
			buildActionMask = 2147483647;
			files = (
				0390014B200C0BB100F419BA /* Portfolio_Picker.xcdatamodeld in Sources */,
				03900168200C0C0E00F419BA /* PPQuandlConstants.swift in Sources */,
				03900145200C0BB100F419BA /* ViewController.swift in Sources */,
				03900143200C0BB100F419BA /* AppDelegate.swift in Sources */,
				03900166200C0BE000F419BA /* PPQuandlCaller.swift in Sources */,
			);
			runOnlyForDeploymentPostprocessing = 0;
		};
		03900152200C0BB100F419BA /* Sources */ = {
			isa = PBXSourcesBuildPhase;
			buildActionMask = 2147483647;
			files = (
				0390015B200C0BB100F419BA /* Portfolio_PickerTests.swift in Sources */,
			);
			runOnlyForDeploymentPostprocessing = 0;
		};
/* End PBXSourcesBuildPhase section */

/* Begin PBXTargetDependency section */
		03900158200C0BB100F419BA /* PBXTargetDependency */ = {
			isa = PBXTargetDependency;
			target = 0390013E200C0BB100F419BA /* Portfolio Picker */;
			targetProxy = 03900157200C0BB100F419BA /* PBXContainerItemProxy */;
		};
/* End PBXTargetDependency section */

/* Begin PBXVariantGroup section */
		03900146200C0BB100F419BA /* Main.storyboard */ = {
			isa = PBXVariantGroup;
			children = (
				03900147200C0BB100F419BA /* Base */,
			);
			name = Main.storyboard;
			sourceTree = "<group>";
		};
		0390014E200C0BB100F419BA /* LaunchScreen.storyboard */ = {
			isa = PBXVariantGroup;
			children = (
				0390014F200C0BB100F419BA /* Base */,
			);
			name = LaunchScreen.storyboard;
			sourceTree = "<group>";
		};
/* End PBXVariantGroup section */

/* Begin XCBuildConfiguration section */
		0390015D200C0BB100F419BA /* Debug */ = {
			isa = XCBuildConfiguration;
			buildSettings = {
				ALWAYS_SEARCH_USER_PATHS = NO;
				CLANG_ANALYZER_NONNULL = YES;
				CLANG_ANALYZER_NUMBER_OBJECT_CONVERSION = YES_AGGRESSIVE;
				CLANG_CXX_LANGUAGE_STANDARD = "gnu++14";
				CLANG_CXX_LIBRARY = "libc++";
				CLANG_ENABLE_MODULES = YES;
				CLANG_ENABLE_OBJC_ARC = YES;
				CLANG_WARN_BLOCK_CAPTURE_AUTORELEASING = YES;
				CLANG_WARN_BOOL_CONVERSION = YES;
				CLANG_WARN_COMMA = YES;
				CLANG_WARN_CONSTANT_CONVERSION = YES;
				CLANG_WARN_DIRECT_OBJC_ISA_USAGE = YES_ERROR;
				CLANG_WARN_DOCUMENTATION_COMMENTS = YES;
				CLANG_WARN_EMPTY_BODY = YES;
				CLANG_WARN_ENUM_CONVERSION = YES;
				CLANG_WARN_INFINITE_RECURSION = YES;
				CLANG_WARN_INT_CONVERSION = YES;
				CLANG_WARN_NON_LITERAL_NULL_CONVERSION = YES;
				CLANG_WARN_OBJC_LITERAL_CONVERSION = YES;
				CLANG_WARN_OBJC_ROOT_CLASS = YES_ERROR;
				CLANG_WARN_RANGE_LOOP_ANALYSIS = YES;
				CLANG_WARN_STRICT_PROTOTYPES = YES;
				CLANG_WARN_SUSPICIOUS_MOVE = YES;
				CLANG_WARN_UNGUARDED_AVAILABILITY = YES_AGGRESSIVE;
				CLANG_WARN_UNREACHABLE_CODE = YES;
				CLANG_WARN__DUPLICATE_METHOD_MATCH = YES;
				CODE_SIGN_IDENTITY = "iPhone Developer";
				COPY_PHASE_STRIP = NO;
				DEBUG_INFORMATION_FORMAT = dwarf;
				ENABLE_STRICT_OBJC_MSGSEND = YES;
				ENABLE_TESTABILITY = YES;
				GCC_C_LANGUAGE_STANDARD = gnu11;
				GCC_DYNAMIC_NO_PIC = NO;
				GCC_NO_COMMON_BLOCKS = YES;
				GCC_OPTIMIZATION_LEVEL = 0;
				GCC_PREPROCESSOR_DEFINITIONS = (
					"DEBUG=1",
					"$(inherited)",
				);
				GCC_WARN_64_TO_32_BIT_CONVERSION = YES;
				GCC_WARN_ABOUT_RETURN_TYPE = YES_ERROR;
				GCC_WARN_UNDECLARED_SELECTOR = YES;
				GCC_WARN_UNINITIALIZED_AUTOS = YES_AGGRESSIVE;
				GCC_WARN_UNUSED_FUNCTION = YES;
				GCC_WARN_UNUSED_VARIABLE = YES;
				IPHONEOS_DEPLOYMENT_TARGET = 11.2;
				MTL_ENABLE_DEBUG_INFO = YES;
				ONLY_ACTIVE_ARCH = YES;
				SDKROOT = iphoneos;
				SWIFT_ACTIVE_COMPILATION_CONDITIONS = DEBUG;
				SWIFT_OPTIMIZATION_LEVEL = "-Onone";
			};
			name = Debug;
		};
		0390015E200C0BB100F419BA /* Release */ = {
			isa = XCBuildConfiguration;
			buildSettings = {
				ALWAYS_SEARCH_USER_PATHS = NO;
				CLANG_ANALYZER_NONNULL = YES;
				CLANG_ANALYZER_NUMBER_OBJECT_CONVERSION = YES_AGGRESSIVE;
				CLANG_CXX_LANGUAGE_STANDARD = "gnu++14";
				CLANG_CXX_LIBRARY = "libc++";
				CLANG_ENABLE_MODULES = YES;
				CLANG_ENABLE_OBJC_ARC = YES;
				CLANG_WARN_BLOCK_CAPTURE_AUTORELEASING = YES;
				CLANG_WARN_BOOL_CONVERSION = YES;
				CLANG_WARN_COMMA = YES;
				CLANG_WARN_CONSTANT_CONVERSION = YES;
				CLANG_WARN_DIRECT_OBJC_ISA_USAGE = YES_ERROR;
				CLANG_WARN_DOCUMENTATION_COMMENTS = YES;
				CLANG_WARN_EMPTY_BODY = YES;
				CLANG_WARN_ENUM_CONVERSION = YES;
				CLANG_WARN_INFINITE_RECURSION = YES;
				CLANG_WARN_INT_CONVERSION = YES;
				CLANG_WARN_NON_LITERAL_NULL_CONVERSION = YES;
				CLANG_WARN_OBJC_LITERAL_CONVERSION = YES;
				CLANG_WARN_OBJC_ROOT_CLASS = YES_ERROR;
				CLANG_WARN_RANGE_LOOP_ANALYSIS = YES;
				CLANG_WARN_STRICT_PROTOTYPES = YES;
				CLANG_WARN_SUSPICIOUS_MOVE = YES;
				CLANG_WARN_UNGUARDED_AVAILABILITY = YES_AGGRESSIVE;
				CLANG_WARN_UNREACHABLE_CODE = YES;
				CLANG_WARN__DUPLICATE_METHOD_MATCH = YES;
				CODE_SIGN_IDENTITY = "iPhone Developer";
				COPY_PHASE_STRIP = NO;
				DEBUG_INFORMATION_FORMAT = "dwarf-with-dsym";
				ENABLE_NS_ASSERTIONS = NO;
				ENABLE_STRICT_OBJC_MSGSEND = YES;
				GCC_C_LANGUAGE_STANDARD = gnu11;
				GCC_NO_COMMON_BLOCKS = YES;
				GCC_WARN_64_TO_32_BIT_CONVERSION = YES;
				GCC_WARN_ABOUT_RETURN_TYPE = YES_ERROR;
				GCC_WARN_UNDECLARED_SELECTOR = YES;
				GCC_WARN_UNINITIALIZED_AUTOS = YES_AGGRESSIVE;
				GCC_WARN_UNUSED_FUNCTION = YES;
				GCC_WARN_UNUSED_VARIABLE = YES;
				IPHONEOS_DEPLOYMENT_TARGET = 11.2;
				MTL_ENABLE_DEBUG_INFO = NO;
				SDKROOT = iphoneos;
				SWIFT_OPTIMIZATION_LEVEL = "-Owholemodule";
				VALIDATE_PRODUCT = YES;
			};
			name = Release;
		};
		03900160200C0BB100F419BA /* Debug */ = {
			isa = XCBuildConfiguration;
			buildSettings = {
				ASSETCATALOG_COMPILER_APPICON_NAME = AppIcon;
				CODE_SIGN_STYLE = Automatic;
				DEVELOPMENT_TEAM = Q7UCV2ESBZ;
				INFOPLIST_FILE = "Portfolio Picker/Info.plist";
				LD_RUNPATH_SEARCH_PATHS = "$(inherited) @executable_path/Frameworks";
				PRODUCT_BUNDLE_IDENTIFIER = "christopherkmoore.Portfolio-Picker";
				PRODUCT_NAME = "$(TARGET_NAME)";
				SWIFT_VERSION = 4.0;
				TARGETED_DEVICE_FAMILY = "1,2";
			};
			name = Debug;
		};
		03900161200C0BB100F419BA /* Release */ = {
			isa = XCBuildConfiguration;
			buildSettings = {
				ASSETCATALOG_COMPILER_APPICON_NAME = AppIcon;
				CODE_SIGN_STYLE = Automatic;
				DEVELOPMENT_TEAM = Q7UCV2ESBZ;
				INFOPLIST_FILE = "Portfolio Picker/Info.plist";
				LD_RUNPATH_SEARCH_PATHS = "$(inherited) @executable_path/Frameworks";
				PRODUCT_BUNDLE_IDENTIFIER = "christopherkmoore.Portfolio-Picker";
				PRODUCT_NAME = "$(TARGET_NAME)";
				SWIFT_VERSION = 4.0;
				TARGETED_DEVICE_FAMILY = "1,2";
			};
			name = Release;
		};
		03900163200C0BB100F419BA /* Debug */ = {
			isa = XCBuildConfiguration;
			buildSettings = {
				ALWAYS_EMBED_SWIFT_STANDARD_LIBRARIES = YES;
				BUNDLE_LOADER = "$(TEST_HOST)";
				CODE_SIGN_STYLE = Automatic;
				DEVELOPMENT_TEAM = Q7UCV2ESBZ;
				INFOPLIST_FILE = "Portfolio PickerTests/Info.plist";
				LD_RUNPATH_SEARCH_PATHS = "$(inherited) @executable_path/Frameworks @loader_path/Frameworks";
				PRODUCT_BUNDLE_IDENTIFIER = "christopherkmoore.Portfolio-PickerTests";
				PRODUCT_NAME = "$(TARGET_NAME)";
				SWIFT_VERSION = 4.0;
				TARGETED_DEVICE_FAMILY = "1,2";
				TEST_HOST = "$(BUILT_PRODUCTS_DIR)/Portfolio Picker.app/Portfolio Picker";
			};
			name = Debug;
		};
		03900164200C0BB100F419BA /* Release */ = {
			isa = XCBuildConfiguration;
			buildSettings = {
				ALWAYS_EMBED_SWIFT_STANDARD_LIBRARIES = YES;
				BUNDLE_LOADER = "$(TEST_HOST)";
				CODE_SIGN_STYLE = Automatic;
				DEVELOPMENT_TEAM = Q7UCV2ESBZ;
				INFOPLIST_FILE = "Portfolio PickerTests/Info.plist";
				LD_RUNPATH_SEARCH_PATHS = "$(inherited) @executable_path/Frameworks @loader_path/Frameworks";
				PRODUCT_BUNDLE_IDENTIFIER = "christopherkmoore.Portfolio-PickerTests";
				PRODUCT_NAME = "$(TARGET_NAME)";
				SWIFT_VERSION = 4.0;
				TARGETED_DEVICE_FAMILY = "1,2";
				TEST_HOST = "$(BUILT_PRODUCTS_DIR)/Portfolio Picker.app/Portfolio Picker";
			};
			name = Release;
		};
/* End XCBuildConfiguration section */

/* Begin XCConfigurationList section */
		0390013A200C0BB100F419BA /* Build configuration list for PBXProject "Portfolio Picker" */ = {
			isa = XCConfigurationList;
			buildConfigurations = (
				0390015D200C0BB100F419BA /* Debug */,
				0390015E200C0BB100F419BA /* Release */,
			);
			defaultConfigurationIsVisible = 0;
			defaultConfigurationName = Release;
		};
		0390015F200C0BB100F419BA /* Build configuration list for PBXNativeTarget "Portfolio Picker" */ = {
			isa = XCConfigurationList;
			buildConfigurations = (
				03900160200C0BB100F419BA /* Debug */,
				03900161200C0BB100F419BA /* Release */,
			);
			defaultConfigurationIsVisible = 0;
			defaultConfigurationName = Release;
		};
		03900162200C0BB100F419BA /* Build configuration list for PBXNativeTarget "Portfolio PickerTests" */ = {
			isa = XCConfigurationList;
			buildConfigurations = (
				03900163200C0BB100F419BA /* Debug */,
				03900164200C0BB100F419BA /* Release */,
			);
			defaultConfigurationIsVisible = 0;
			defaultConfigurationName = Release;
		};
/* End XCConfigurationList section */

/* Begin XCVersionGroup section */
		03900149200C0BB100F419BA /* Portfolio_Picker.xcdatamodeld */ = {
			isa = XCVersionGroup;
			children = (
				0390014A200C0BB100F419BA /* Portfolio_Picker.xcdatamodel */,
			);
			currentVersion = 0390014A200C0BB100F419BA /* Portfolio_Picker.xcdatamodel */;
			path = Portfolio_Picker.xcdatamodeld;
			sourceTree = "<group>";
			versionGroupType = wrapper.xcdatamodel;
		};
/* End XCVersionGroup section */
	};
	rootObject = 03900137200C0BB100F419BA /* Project object */;
}
